// !$*UTF8*$!
{
	archiveVersion = 1;
	classes = {
	};
	objectVersion = 46;
	objects = {

/* Begin PBXBuildFile section */
		156E8FEB1AD9D5CD0057718A /* AppDelegate.swift in Sources */ = {isa = PBXBuildFile; fileRef = 156E8FEA1AD9D5CD0057718A /* AppDelegate.swift */; };
		156E8FED1AD9D5CD0057718A /* ViewController.swift in Sources */ = {isa = PBXBuildFile; fileRef = 156E8FEC1AD9D5CD0057718A /* ViewController.swift */; };
		156E8FF01AD9D5CD0057718A /* Main.storyboard in Resources */ = {isa = PBXBuildFile; fileRef = 156E8FEE1AD9D5CD0057718A /* Main.storyboard */; };
		156E8FF21AD9D5CD0057718A /* Images.xcassets in Resources */ = {isa = PBXBuildFile; fileRef = 156E8FF11AD9D5CD0057718A /* Images.xcassets */; };
		156E8FF51AD9D5CD0057718A /* LaunchScreen.xib in Resources */ = {isa = PBXBuildFile; fileRef = 156E8FF31AD9D5CD0057718A /* LaunchScreen.xib */; };
		156E90011AD9D5CD0057718A /* MapsTests.swift in Sources */ = {isa = PBXBuildFile; fileRef = 156E90001AD9D5CD0057718A /* MapsTests.swift */; };
		63421BAC1ADDD47A00901961 /* CoreLocation.framework in Frameworks */ = {isa = PBXBuildFile; fileRef = 63421BAB1ADDD47A00901961 /* CoreLocation.framework */; };
/* End PBXBuildFile section */

/* Begin PBXContainerItemProxy section */
		156E8FFB1AD9D5CD0057718A /* PBXContainerItemProxy */ = {
			isa = PBXContainerItemProxy;
			containerPortal = 156E8FDD1AD9D5CC0057718A /* Project object */;
			proxyType = 1;
			remoteGlobalIDString = 156E8FE41AD9D5CD0057718A;
			remoteInfo = Maps;
		};
/* End PBXContainerItemProxy section */

/* Begin PBXFileReference section */
		156E8FE51AD9D5CD0057718A /* Maps.app */ = {isa = PBXFileReference; explicitFileType = wrapper.application; includeInIndex = 0; path = Maps.app; sourceTree = BUILT_PRODUCTS_DIR; };
		156E8FE91AD9D5CD0057718A /* Info.plist */ = {isa = PBXFileReference; lastKnownFileType = text.plist.xml; path = Info.plist; sourceTree = "<group>"; };
		156E8FEA1AD9D5CD0057718A /* AppDelegate.swift */ = {isa = PBXFileReference; lastKnownFileType = sourcecode.swift; path = AppDelegate.swift; sourceTree = "<group>"; };
		156E8FEC1AD9D5CD0057718A /* ViewController.swift */ = {isa = PBXFileReference; lastKnownFileType = sourcecode.swift; path = ViewController.swift; sourceTree = "<group>"; };
		156E8FEF1AD9D5CD0057718A /* Base */ = {isa = PBXFileReference; lastKnownFileType = file.storyboard; name = Base; path = Base.lproj/Main.storyboard; sourceTree = "<group>"; };
		156E8FF11AD9D5CD0057718A /* Images.xcassets */ = {isa = PBXFileReference; lastKnownFileType = folder.assetcatalog; path = Images.xcassets; sourceTree = "<group>"; };
		156E8FF41AD9D5CD0057718A /* Base */ = {isa = PBXFileReference; lastKnownFileType = file.xib; name = Base; path = Base.lproj/LaunchScreen.xib; sourceTree = "<group>"; };
		156E8FFA1AD9D5CD0057718A /* MapsTests.xctest */ = {isa = PBXFileReference; explicitFileType = wrapper.cfbundle; includeInIndex = 0; path = MapsTests.xctest; sourceTree = BUILT_PRODUCTS_DIR; };
		156E8FFF1AD9D5CD0057718A /* Info.plist */ = {isa = PBXFileReference; lastKnownFileType = text.plist.xml; path = Info.plist; sourceTree = "<group>"; };
		156E90001AD9D5CD0057718A /* MapsTests.swift */ = {isa = PBXFileReference; lastKnownFileType = sourcecode.swift; path = MapsTests.swift; sourceTree = "<group>"; };
		63421BAB1ADDD47A00901961 /* CoreLocation.framework */ = {isa = PBXFileReference; lastKnownFileType = wrapper.framework; name = CoreLocation.framework; path = System/Library/Frameworks/CoreLocation.framework; sourceTree = SDKROOT; };
/* End PBXFileReference section */

/* Begin PBXFrameworksBuildPhase section */
		156E8FE21AD9D5CD0057718A /* Frameworks */ = {
			isa = PBXFrameworksBuildPhase;
			buildActionMask = 2147483647;
			files = (
				63421BAC1ADDD47A00901961 /* CoreLocation.framework in Frameworks */,
			);
			runOnlyForDeploymentPostprocessing = 0;
		};
		156E8FF71AD9D5CD0057718A /* Frameworks */ = {
			isa = PBXFrameworksBuildPhase;
			buildActionMask = 2147483647;
			files = (
			);
			runOnlyForDeploymentPostprocessing = 0;
		};
/* End PBXFrameworksBuildPhase section */

/* Begin PBXGroup section */
		156E8FDC1AD9D5CC0057718A = {
			isa = PBXGroup;
			children = (
				63421BAB1ADDD47A00901961 /* CoreLocation.framework */,
				156E8FE71AD9D5CD0057718A /* Maps */,
				156E8FFD1AD9D5CD0057718A /* MapsTests */,
				156E8FE61AD9D5CD0057718A /* Products */,
			);
			sourceTree = "<group>";
		};
		156E8FE61AD9D5CD0057718A /* Products */ = {
			isa = PBXGroup;
			children = (
				156E8FE51AD9D5CD0057718A /* Maps.app */,
				156E8FFA1AD9D5CD0057718A /* MapsTests.xctest */,
			);
			name = Products;
			sourceTree = "<group>";
		};
		156E8FE71AD9D5CD0057718A /* Maps */ = {
			isa = PBXGroup;
			children = (
				156E8FEA1AD9D5CD0057718A /* AppDelegate.swift */,
				156E8FEC1AD9D5CD0057718A /* ViewController.swift */,
				156E8FEE1AD9D5CD0057718A /* Main.storyboard */,
				156E8FF11AD9D5CD0057718A /* Images.xcassets */,
				156E8FF31AD9D5CD0057718A /* LaunchScreen.xib */,
				156E8FE81AD9D5CD0057718A /* Supporting Files */,
			);
			path = Maps;
			sourceTree = "<group>";
		};
		156E8FE81AD9D5CD0057718A /* Supporting Files */ = {
			isa = PBXGroup;
			children = (
				156E8FE91AD9D5CD0057718A /* Info.plist */,
			);
			name = "Supporting Files";
			sourceTree = "<group>";
		};
		156E8FFD1AD9D5CD0057718A /* MapsTests */ = {
			isa = PBXGroup;
			children = (
				156E90001AD9D5CD0057718A /* MapsTests.swift */,
				156E8FFE1AD9D5CD0057718A /* Supporting Files */,
			);
			path = MapsTests;
			sourceTree = "<group>";
		};
		156E8FFE1AD9D5CD0057718A /* Supporting Files */ = {
			isa = PBXGroup;
			children = (
				156E8FFF1AD9D5CD0057718A /* Info.plist */,
			);
			name = "Supporting Files";
			sourceTree = "<group>";
		};
/* End PBXGroup section */

/* Begin PBXNativeTarget section */
		156E8FE41AD9D5CD0057718A /* Maps */ = {
			isa = PBXNativeTarget;
			buildConfigurationList = 156E90041AD9D5CD0057718A /* Build configuration list for PBXNativeTarget "Maps" */;
			buildPhases = (
				156E8FE11AD9D5CD0057718A /* Sources */,
				156E8FE21AD9D5CD0057718A /* Frameworks */,
				156E8FE31AD9D5CD0057718A /* Resources */,
			);
			buildRules = (
			);
			dependencies = (
			);
			name = Maps;
			productName = Maps;
			productReference = 156E8FE51AD9D5CD0057718A /* Maps.app */;
			productType = "com.apple.product-type.application";
		};
		156E8FF91AD9D5CD0057718A /* MapsTests */ = {
			isa = PBXNativeTarget;
			buildConfigurationList = 156E90071AD9D5CD0057718A /* Build configuration list for PBXNativeTarget "MapsTests" */;
			buildPhases = (
				156E8FF61AD9D5CD0057718A /* Sources */,
				156E8FF71AD9D5CD0057718A /* Frameworks */,
				156E8FF81AD9D5CD0057718A /* Resources */,
			);
			buildRules = (
			);
			dependencies = (
				156E8FFC1AD9D5CD0057718A /* PBXTargetDependency */,
			);
			name = MapsTests;
			productName = MapsTests;
			productReference = 156E8FFA1AD9D5CD0057718A /* MapsTests.xctest */;
			productType = "com.apple.product-type.bundle.unit-test";
		};
/* End PBXNativeTarget section */

/* Begin PBXProject section */
		156E8FDD1AD9D5CC0057718A /* Project object */ = {
			isa = PBXProject;
			attributes = {
				LastUpgradeCheck = 0630;
				ORGANIZATIONNAME = "Chad Duffey";
				TargetAttributes = {
					156E8FE41AD9D5CD0057718A = {
						CreatedOnToolsVersion = 6.3;
					};
					156E8FF91AD9D5CD0057718A = {
						CreatedOnToolsVersion = 6.3;
						TestTargetID = 156E8FE41AD9D5CD0057718A;
					};
				};
			};
			buildConfigurationList = 156E8FE01AD9D5CC0057718A /* Build configuration list for PBXProject "Maps" */;
			compatibilityVersion = "Xcode 3.2";
			developmentRegion = English;
			hasScannedForEncodings = 0;
			knownRegions = (
				en,
				Base,
			);
			mainGroup = 156E8FDC1AD9D5CC0057718A;
			productRefGroup = 156E8FE61AD9D5CD0057718A /* Products */;
			projectDirPath = "";
			projectRoot = "";
			targets = (
				156E8FE41AD9D5CD0057718A /* Maps */,
				156E8FF91AD9D5CD0057718A /* MapsTests */,
			);
		};
/* End PBXProject section */

/* Begin PBXResourcesBuildPhase section */
		156E8FE31AD9D5CD0057718A /* Resources */ = {
			isa = PBXResourcesBuildPhase;
			buildActionMask = 2147483647;
			files = (
				156E8FF01AD9D5CD0057718A /* Main.storyboard in Resources */,
				156E8FF51AD9D5CD0057718A /* LaunchScreen.xib in Resources */,
				156E8FF21AD9D5CD0057718A /* Images.xcassets in Resources */,
			);
			runOnlyForDeploymentPostprocessing = 0;
		};
		156E8FF81AD9D5CD0057718A /* Resources */ = {
			isa = PBXResourcesBuildPhase;
			buildActionMask = 2147483647;
			files = (
			);
			runOnlyForDeploymentPostprocessing = 0;
		};
/* End PBXResourcesBuildPhase section */

/* Begin PBXSourcesBuildPhase section */
		156E8FE11AD9D5CD0057718A /* Sources */ = {
			isa = PBXSourcesBuildPhase;
			buildActionMask = 2147483647;
			files = (
				156E8FED1AD9D5CD0057718A /* ViewController.swift in Sources */,
				156E8FEB1AD9D5CD0057718A /* AppDelegate.swift in Sources */,
			);
			runOnlyForDeploymentPostprocessing = 0;
		};
		156E8FF61AD9D5CD0057718A /* Sources */ = {
			isa = PBXSourcesBuildPhase;
			buildActionMask = 2147483647;
			files = (
				156E90011AD9D5CD0057718A /* MapsTests.swift in Sources */,
			);
			runOnlyForDeploymentPostprocessing = 0;
		};
/* End PBXSourcesBuildPhase section */

/* Begin PBXTargetDependency section */
		156E8FFC1AD9D5CD0057718A /* PBXTargetDependency */ = {
			isa = PBXTargetDependency;
			target = 156E8FE41AD9D5CD0057718A /* Maps */;
			targetProxy = 156E8FFB1AD9D5CD0057718A /* PBXContainerItemProxy */;
		};
/* End PBXTargetDependency section */

/* Begin PBXVariantGroup section */
		156E8FEE1AD9D5CD0057718A /* Main.storyboard */ = {
			isa = PBXVariantGroup;
			children = (
				156E8FEF1AD9D5CD0057718A /* Base */,
			);
			name = Main.storyboard;
			sourceTree = "<group>";
		};
		156E8FF31AD9D5CD0057718A /* LaunchScreen.xib */ = {
			isa = PBXVariantGroup;
			children = (
				156E8FF41AD9D5CD0057718A /* Base */,
			);
			name = LaunchScreen.xib;
			sourceTree = "<group>";
		};
/* End PBXVariantGroup section */

/* Begin XCBuildConfiguration section */
		156E90021AD9D5CD0057718A /* Debug */ = {
			isa = XCBuildConfiguration;
			buildSettings = {
				ALWAYS_SEARCH_USER_PATHS = NO;
				CLANG_CXX_LANGUAGE_STANDARD = "gnu++0x";
				CLANG_CXX_LIBRARY = "libc++";
				CLANG_ENABLE_MODULES = YES;
				CLANG_ENABLE_OBJC_ARC = YES;
				CLANG_WARN_BOOL_CONVERSION = YES;
				CLANG_WARN_CONSTANT_CONVERSION = YES;
				CLANG_WARN_DIRECT_OBJC_ISA_USAGE = YES_ERROR;
				CLANG_WARN_EMPTY_BODY = YES;
				CLANG_WARN_ENUM_CONVERSION = YES;
				CLANG_WARN_INT_CONVERSION = YES;
				CLANG_WARN_OBJC_ROOT_CLASS = YES_ERROR;
				CLANG_WARN_UNREACHABLE_CODE = YES;
				CLANG_WARN__DUPLICATE_METHOD_MATCH = YES;
				"CODE_SIGN_IDENTITY[sdk=iphoneos*]" = "iPhone Developer";
				COPY_PHASE_STRIP = NO;
				DEBUG_INFORMATION_FORMAT = "dwarf-with-dsym";
				ENABLE_STRICT_OBJC_MSGSEND = YES;
				GCC_C_LANGUAGE_STANDARD = gnu99;
				GCC_DYNAMIC_NO_PIC = NO;
				GCC_NO_COMMON_BLOCKS = YES;
				GCC_OPTIMIZATION_LEVEL = 0;
				GCC_PREPROCESSOR_DEFINITIONS = (
					"DEBUG=1",
					"$(inherited)",
				);
				GCC_SYMBOLS_PRIVATE_EXTERN = NO;
				GCC_WARN_64_TO_32_BIT_CONVERSION = YES;
				GCC_WARN_ABOUT_RETURN_TYPE = YES_ERROR;
				GCC_WARN_UNDECLARED_SELECTOR = YES;
				GCC_WARN_UNINITIALIZED_AUTOS = YES_AGGRESSIVE;
				GCC_WARN_UNUSED_FUNCTION = YES;
				GCC_WARN_UNUSED_VARIABLE = YES;
				IPHONEOS_DEPLOYMENT_TARGET = 8.3;
				MTL_ENABLE_DEBUG_INFO = YES;
				ONLY_ACTIVE_ARCH = YES;
				SDKROOT = iphoneos;
				SWIFT_OPTIMIZATION_LEVEL = "-Onone";
			};
			name = Debug;
		};
		156E90031AD9D5CD0057718A /* Release */ = {
			isa = XCBuildConfiguration;
			buildSettings = {
				ALWAYS_SEARCH_USER_PATHS = NO;
				CLANG_CXX_LANGUAGE_STANDARD = "gnu++0x";
				CLANG_CXX_LIBRARY = "libc++";
				CLANG_ENABLE_MODULES = YES;
				CLANG_ENABLE_OBJC_ARC = YES;
				CLANG_WARN_BOOL_CONVERSION = YES;
				CLANG_WARN_CONSTANT_CONVERSION = YES;
				CLANG_WARN_DIRECT_OBJC_ISA_USAGE = YES_ERROR;
				CLANG_WARN_EMPTY_BODY = YES;
				CLANG_WARN_ENUM_CONVERSION = YES;
				CLANG_WARN_INT_CONVERSION = YES;
				CLANG_WARN_OBJC_ROOT_CLASS = YES_ERROR;
				CLANG_WARN_UNREACHABLE_CODE = YES;
				CLANG_WARN__DUPLICATE_METHOD_MATCH = YES;
				"CODE_SIGN_IDENTITY[sdk=iphoneos*]" = "iPhone Developer";
				COPY_PHASE_STRIP = NO;
				DEBUG_INFORMATION_FORMAT = "dwarf-with-dsym";
				ENABLE_NS_ASSERTIONS = NO;
				ENABLE_STRICT_OBJC_MSGSEND = YES;
				GCC_C_LANGUAGE_STANDARD = gnu99;
				GCC_NO_COMMON_BLOCKS = YES;
				GCC_WARN_64_TO_32_BIT_CONVERSION = YES;
				GCC_WARN_ABOUT_RETURN_TYPE = YES_ERROR;
				GCC_WARN_UNDECLARED_SELECTOR = YES;
				GCC_WARN_UNINITIALIZED_AUTOS = YES_AGGRESSIVE;
				GCC_WARN_UNUSED_FUNCTION = YES;
				GCC_WARN_UNUSED_VARIABLE = YES;
				IPHONEOS_DEPLOYMENT_TARGET = 8.3;
				MTL_ENABLE_DEBUG_INFO = NO;
				SDKROOT = iphoneos;
				VALIDATE_PRODUCT = YES;
			};
			name = Release;
		};
		156E90051AD9D5CD0057718A /* Debug */ = {
			isa = XCBuildConfiguration;
			buildSettings = {
				ASSETCATALOG_COMPILER_APPICON_NAME = AppIcon;
				INFOPLIST_FILE = Maps/Info.plist;
				IPHONEOS_DEPLOYMENT_TARGET = 8.1;
				LD_RUNPATH_SEARCH_PATHS = "$(inherited) @executable_path/Frameworks";
				PRODUCT_NAME = "$(TARGET_NAME)";
				TARGETED_DEVICE_FAMILY = 1;
			};
			name = Debug;
		};
		156E90061AD9D5CD0057718A /* Release */ = {
			isa = XCBuildConfiguration;
			buildSettings = {
				ASSETCATALOG_COMPILER_APPICON_NAME = AppIcon;
				INFOPLIST_FILE = Maps/Info.plist;
				IPHONEOS_DEPLOYMENT_TARGET = 8.1;
				LD_RUNPATH_SEARCH_PATHS = "$(inherited) @executable_path/Frameworks";
				PRODUCT_NAME = "$(TARGET_NAME)";
				TARGETED_DEVICE_FAMILY = 1;
			};
			name = Release;
		};
		156E90081AD9D5CD0057718A /* Debug */ = {
			isa = XCBuildConfiguration;
			buildSettings = {
				BUNDLE_LOADER = "$(TEST_HOST)";
				FRAMEWORK_SEARCH_PATHS = (
					"$(SDKROOT)/Developer/Library/Frameworks",
					"$(inherited)",
				);
				GCC_PREPROCESSOR_DEFINITIONS = (
					"DEBUG=1",
					"$(inherited)",
				);
				INFOPLIST_FILE = MapsTests/Info.plist;
				LD_RUNPATH_SEARCH_PATHS = "$(inherited) @executable_path/Frameworks @loader_path/Frameworks";
				PRODUCT_NAME = "$(TARGET_NAME)";
				TEST_HOST = "$(BUILT_PRODUCTS_DIR)/Maps.app/Maps";
			};
			name = Debug;
		};
		156E90091AD9D5CD0057718A /* Release */ = {
			isa = XCBuildConfiguration;
			buildSettings = {
				BUNDLE_LOADER = "$(TEST_HOST)";
				FRAMEWORK_SEARCH_PATHS = (
					"$(SDKROOT)/Developer/Library/Frameworks",
					"$(inherited)",
				);
				INFOPLIST_FILE = MapsTests/Info.plist;
				LD_RUNPATH_SEARCH_PATHS = "$(inherited) @executable_path/Frameworks @loader_path/Frameworks";
				PRODUCT_NAME = "$(TARGET_NAME)";
				TEST_HOST = "$(BUILT_PRODUCTS_DIR)/Maps.app/Maps";
			};
			name = Release;
		};
/* End XCBuildConfiguration section */

/* Begin XCConfigurationList section */
		156E8FE01AD9D5CC0057718A /* Build configuration list for PBXProject "Maps" */ = {
			isa = XCConfigurationList;
			buildConfigurations = (
				156E90021AD9D5CD0057718A /* Debug */,
				156E90031AD9D5CD0057718A /* Release */,
			);
			defaultConfigurationIsVisible = 0;
			defaultConfigurationName = Release;
		};
		156E90041AD9D5CD0057718A /* Build configuration list for PBXNativeTarget "Maps" */ = {
			isa = XCConfigurationList;
			buildConfigurations = (
				156E90051AD9D5CD0057718A /* Debug */,
				156E90061AD9D5CD0057718A /* Release */,
			);
			defaultConfigurationIsVisible = 0;
			defaultConfigurationName = Release;
		};
		156E90071AD9D5CD0057718A /* Build configuration list for PBXNativeTarget "MapsTests" */ = {
			isa = XCConfigurationList;
			buildConfigurations = (
				156E90081AD9D5CD0057718A /* Debug */,
				156E90091AD9D5CD0057718A /* Release */,
			);
			defaultConfigurationIsVisible = 0;
			defaultConfigurationName = Release;
		};
/* End XCConfigurationList section */
	};
	rootObject = 156E8FDD1AD9D5CC0057718A /* Project object */;
}
